
Microsoft Visual Studio Solution File, Format Version 12.00
# Visual Studio Version 17
VisualStudioVersion = 17.2.32630.192
MinimumVisualStudioVersion = 10.0.40219.1
Project("{9A19103F-16F7-4668-BE54-9A1E7A4F7556}") = "GrpcService", "GrpcService\GrpcService.csproj", "{5391BB70-8247-4812-9AB3-E52E72A72A9C}"
EndProject
Project("{9A19103F-16F7-4668-BE54-9A1E7A4F7556}") = "WebAppAPI", "WebAppAPI\WebAppAPI.csproj", "{E348C916-DFF8-4C06-AFA4-16A4C33B1539}"
EndProject
Project("{FAE04EC0-301F-11D3-BF4B-00C04F79EFBC}") = "ClientTest", "ClientTest\ClientTest.csproj", "{05106C04-6078-4566-A3DA-99E87994DCB9}"
EndProject
Global
	GlobalSection(SolutionConfigurationPlatforms) = preSolution
		Debug|Any CPU = Debug|Any CPU
		Release|Any CPU = Release|Any CPU
	EndGlobalSection
	GlobalSection(ProjectConfigurationPlatforms) = postSolution
		{5391BB70-8247-4812-9AB3-E52E72A72A9C}.Debug|Any CPU.ActiveCfg = Debug|Any CPU
		{5391BB70-8247-4812-9AB3-E52E72A72A9C}.Debug|Any CPU.Build.0 = Debug|Any CPU
		{5391BB70-8247-4812-9AB3-E52E72A72A9C}.Release|Any CPU.ActiveCfg = Release|Any CPU
		{5391BB70-8247-4812-9AB3-E52E72A72A9C}.Release|Any CPU.Build.0 = Release|Any CPU
		{E348C916-DFF8-4C06-AFA4-16A4C33B1539}.Debug|Any CPU.ActiveCfg = Debug|Any CPU
		{E348C916-DFF8-4C06-AFA4-16A4C33B1539}.Debug|Any CPU.Build.0 = Debug|Any CPU
		{E348C916-DFF8-4C06-AFA4-16A4C33B1539}.Release|Any CPU.ActiveCfg = Release|Any CPU
		{E348C916-DFF8-4C06-AFA4-16A4C33B1539}.Release|Any CPU.Build.0 = Release|Any CPU
		{05106C04-6078-4566-A3DA-99E87994DCB9}.Debug|Any CPU.ActiveCfg = Debug|Any CPU
		{05106C04-6078-4566-A3DA-99E87994DCB9}.Debug|Any CPU.Build.0 = Debug|Any CPU
		{05106C04-6078-4566-A3DA-99E87994DCB9}.Release|Any CPU.ActiveCfg = Release|Any CPU
		{05106C04-6078-4566-A3DA-99E87994DCB9}.Release|Any CPU.Build.0 = Release|Any CPU
	EndGlobalSection
	GlobalSection(SolutionProperties) = preSolution
		HideSolutionNode = FALSE
	EndGlobalSection
	GlobalSection(ExtensibilityGlobals) = postSolution
		SolutionGuid = {DE600D16-D530-4189-888C-F879EA4DE74A}
	EndGlobalSection
EndGlobal
